
Microsoft Visual Studio Solution File, Format Version 12.00
# Visual Studio Version 17
VisualStudioVersion = 17.5.33424.131
MinimumVisualStudioVersion = 10.0.40219.1
Project("{9A19103F-16F7-4668-BE54-9A1E7A4F7556}") = "ASC.Web", "ASC.Web\ASC.Web.csproj", "{E3CA6888-9AB7-4237-BCED-4D3C40CFF707}"
EndProject
Project("{9A19103F-16F7-4668-BE54-9A1E7A4F7556}") = "ASC.Models", "ASC.Models\ASC.Models.csproj", "{D8FE8724-5462-417F-ADB3-9A36E5102FF8}"
EndProject
Project("{9A19103F-16F7-4668-BE54-9A1E7A4F7556}") = "ASC.Utilities", "ASC.Utilities\ASC.Utilities.csproj", "{7DD1BCE1-E729-413A-AB78-9127F900C939}"
EndProject
Project("{9A19103F-16F7-4668-BE54-9A1E7A4F7556}") = "ASC.DataAccess", "ASC.DataAccess\ASC.DataAccess.csproj", "{186A9ACE-DF2C-447F-9984-809BEEFFA386}"
EndProject
Global
	GlobalSection(SolutionConfigurationPlatforms) = preSolution
		Debug|Any CPU = Debug|Any CPU
		Release|Any CPU = Release|Any CPU
	EndGlobalSection
	GlobalSection(ProjectConfigurationPlatforms) = postSolution
		{E3CA6888-9AB7-4237-BCED-4D3C40CFF707}.Debug|Any CPU.ActiveCfg = Debug|Any CPU
		{E3CA6888-9AB7-4237-BCED-4D3C40CFF707}.Debug|Any CPU.Build.0 = Debug|Any CPU
		{E3CA6888-9AB7-4237-BCED-4D3C40CFF707}.Release|Any CPU.ActiveCfg = Release|Any CPU
		{E3CA6888-9AB7-4237-BCED-4D3C40CFF707}.Release|Any CPU.Build.0 = Release|Any CPU
		{D8FE8724-5462-417F-ADB3-9A36E5102FF8}.Debug|Any CPU.ActiveCfg = Debug|Any CPU
		{D8FE8724-5462-417F-ADB3-9A36E5102FF8}.Debug|Any CPU.Build.0 = Debug|Any CPU
		{D8FE8724-5462-417F-ADB3-9A36E5102FF8}.Release|Any CPU.ActiveCfg = Release|Any CPU
		{D8FE8724-5462-417F-ADB3-9A36E5102FF8}.Release|Any CPU.Build.0 = Release|Any CPU
		{7DD1BCE1-E729-413A-AB78-9127F900C939}.Debug|Any CPU.ActiveCfg = Debug|Any CPU
		{7DD1BCE1-E729-413A-AB78-9127F900C939}.Debug|Any CPU.Build.0 = Debug|Any CPU
		{7DD1BCE1-E729-413A-AB78-9127F900C939}.Release|Any CPU.ActiveCfg = Release|Any CPU
		{7DD1BCE1-E729-413A-AB78-9127F900C939}.Release|Any CPU.Build.0 = Release|Any CPU
		{186A9ACE-DF2C-447F-9984-809BEEFFA386}.Debug|Any CPU.ActiveCfg = Debug|Any CPU
		{186A9ACE-DF2C-447F-9984-809BEEFFA386}.Debug|Any CPU.Build.0 = Debug|Any CPU
		{186A9ACE-DF2C-447F-9984-809BEEFFA386}.Release|Any CPU.ActiveCfg = Release|Any CPU
		{186A9ACE-DF2C-447F-9984-809BEEFFA386}.Release|Any CPU.Build.0 = Release|Any CPU
	EndGlobalSection
	GlobalSection(SolutionProperties) = preSolution
		HideSolutionNode = FALSE
	EndGlobalSection
	GlobalSection(ExtensibilityGlobals) = postSolution
		SolutionGuid = {4656F09F-0BA0-41B3-A6FD-0BE538CBE9C6}
	EndGlobalSection
EndGlobal
